
Microsoft Visual Studio Solution File, Format Version 12.00
# Visual Studio Version 16
VisualStudioVersion = 16.0.30907.101
MinimumVisualStudioVersion = 10.0.40219.1
Project("{2150E333-8FDC-42A3-9474-1A3956D46DE8}") = "Services", "Services", "{431FE3E8-2EDF-49E6-96E8-CECFF8F92B80}"
EndProject
Project("{9A19103F-16F7-4668-BE54-9A1E7A4F7556}") = "User.API", "Services\UserAPI\User.API\User.API.csproj", "{86750B59-AFA1-48B9-B765-E35E0503DF6F}"
EndProject
Project("{2150E333-8FDC-42A3-9474-1A3956D46DE8}") = "UserAPI", "UserAPI", "{2280D866-C179-456F-B998-E2129F522C13}"
EndProject
Project("{2150E333-8FDC-42A3-9474-1A3956D46DE8}") = "ProductAPI", "ProductAPI", "{F3AA4E76-7484-4370-90A3-5C75741FCFA0}"
EndProject
Project("{9A19103F-16F7-4668-BE54-9A1E7A4F7556}") = "User.API.Infrastructure", "Services\UserAPI\User.API.Infrastructure\User.API.Infrastructure.csproj", "{8216FADF-3288-4B0D-AC64-BB28ABF93E0A}"
EndProject
Project("{9A19103F-16F7-4668-BE54-9A1E7A4F7556}") = "User.API.Models", "Services\UserAPI\User.API.Models\User.API.Models.csproj", "{EEFFA73F-C824-4FB6-9B6F-182442FBF8A1}"
EndProject
Project("{9A19103F-16F7-4668-BE54-9A1E7A4F7556}") = "User.API.Services", "Services\UserAPI\User.API.Services\User.API.Services.csproj", "{BF9C7399-7CFB-4313-B93B-3FF727389BF4}"
EndProject
Project("{9A19103F-16F7-4668-BE54-9A1E7A4F7556}") = "Product.API", "Services\ProductAPI\Product.API\Product.API.csproj", "{18856A0C-F67B-4140-ABB9-ABA19840B7FD}"
EndProject
Project("{9A19103F-16F7-4668-BE54-9A1E7A4F7556}") = "Product.API.Infrastructure", "Services\ProductAPI\Product.API.Infrastructure\Product.API.Infrastructure.csproj", "{4C7790C4-701B-4015-8D4B-C3AE51193DA4}"
EndProject
Project("{9A19103F-16F7-4668-BE54-9A1E7A4F7556}") = "Product.API.Models", "Services\ProductAPI\Product.API.Models\Product.API.Models.csproj", "{DC994813-7D08-4A36-9A4B-9A75E39F4D3C}"
EndProject
Project("{9A19103F-16F7-4668-BE54-9A1E7A4F7556}") = "Product.API.Services", "Services\ProductAPI\Product.API.Services\Product.API.Services.csproj", "{BCE8618E-44A2-4C3A-8B0E-FEBA888FAAA7}"
EndProject
Project("{2150E333-8FDC-42A3-9474-1A3956D46DE8}") = "Solution Items", "Solution Items", "{94A9BA1F-46EA-49A4-B6C6-97F3AA4C18AD}"
	ProjectSection(SolutionItems) = preProject
		docker-compose.yml = docker-compose.yml
	EndProjectSection
EndProject
Project("{2150E333-8FDC-42A3-9474-1A3956D46DE8}") = "CatalogAPI", "CatalogAPI", "{64193B80-8C4A-4E0E-AB6E-45169A6C87C5}"
EndProject
Project("{2150E333-8FDC-42A3-9474-1A3956D46DE8}") = "Core", "Core", "{B601A3EC-BF0D-41B6-A943-AB516A31B2C9}"
EndProject
Project("{2150E333-8FDC-42A3-9474-1A3956D46DE8}") = "Infrastructure", "Infrastructure", "{BCBEC63E-480C-4314-8CC2-07CAAF3302A7}"
EndProject
Project("{2150E333-8FDC-42A3-9474-1A3956D46DE8}") = "WebApi", "WebApi", "{54BF3150-0BF3-4D3C-A4E2-FA03442647C9}"
EndProject
Project("{9A19103F-16F7-4668-BE54-9A1E7A4F7556}") = "Catalog.API.Application", "Services\CatalogAPI\Catalog.API.Application\Catalog.API.Application.csproj", "{19BD3CA4-681E-4950-9F8F-15DC8511564C}"
EndProject
Project("{9A19103F-16F7-4668-BE54-9A1E7A4F7556}") = "Catalog.API.Domain", "Services\CatalogAPI\Catalog.API.Domain\Catalog.API.Domain.csproj", "{5E58F27E-1943-41F7-A15F-E230F45B79CA}"
EndProject
Project("{9A19103F-16F7-4668-BE54-9A1E7A4F7556}") = "Catalog.API.Persistence", "Services\CatalogAPI\Catalog.API.Persistence\Catalog.API.Persistence.csproj", "{B28A5CDA-1DD7-4A9B-91C6-89E98A2BE914}"
EndProject
Project("{9A19103F-16F7-4668-BE54-9A1E7A4F7556}") = "Catalog.API.WebApi", "Services\CatalogAPI\Catalog.API.WebApi\Catalog.API.WebApi.csproj", "{765500F2-AB2C-4172-8D06-B4C4238366D5}"
EndProject
Project("{2150E333-8FDC-42A3-9474-1A3956D46DE8}") = "BuildingBlocks", "BuildingBlocks", "{C412A3E3-CF95-4CFC-BEC1-C3195CB0FFAE}"
EndProject
Project("{2150E333-8FDC-42A3-9474-1A3956D46DE8}") = "ApiGateways", "ApiGateways", "{5E7BC9C5-EBCA-4D92-B689-049A8641D07B}"
EndProject
Project("{2150E333-8FDC-42A3-9474-1A3956D46DE8}") = "Clients", "Clients", "{699EA2A4-B2F0-48CB-A9A1-26116E3293AE}"
EndProject
Project("{2150E333-8FDC-42A3-9474-1A3956D46DE8}") = "WebClient", "WebClient", "{A61ADAE4-5AE9-4ACC-AC54-5D8575279DB5}"
EndProject
Project("{2150E333-8FDC-42A3-9474-1A3956D46DE8}") = "WebApiGateway", "WebApiGateway", "{9D60A442-9F74-43C8-9B4A-4395927A63AC}"
EndProject
Project("{9A19103F-16F7-4668-BE54-9A1E7A4F7556}") = "Web.ApiGateway", "ApiGateways\WebApiGateway\Web.ApiGateway\Web.ApiGateway.csproj", "{66AD9D3D-5371-470D-ADC8-3D9442522B15}"
EndProject
Project("{2150E333-8FDC-42A3-9474-1A3956D46DE8}") = "EventBus", "EventBus", "{B4290679-369B-42D1-825D-F99EB32799B7}"
EndProject
Project("{9A19103F-16F7-4668-BE54-9A1E7A4F7556}") = "EventBus.Base", "BuildingBlocks\EventBus\EventBus.Base\EventBus.Base.csproj", "{512AF7D8-20D4-47DF-940E-CA47BA65BF95}"
EndProject
Project("{9A19103F-16F7-4668-BE54-9A1E7A4F7556}") = "EventBus.Factory", "BuildingBlocks\EventBus\EventBus.Factory\EventBus.Factory.csproj", "{4778882F-9D0D-4CD8-B11D-B8B489248353}"
EndProject
Project("{9A19103F-16F7-4668-BE54-9A1E7A4F7556}") = "EventBus.RabbitMQ", "BuildingBlocks\EventBus\EventBus.RabbitMQ\EventBus.RabbitMQ.csproj", "{F9735D8E-9609-4F82-9327-A22B966B8FD8}"
EndProject
Project("{9A19103F-16F7-4668-BE54-9A1E7A4F7556}") = "EventBus.AzureServiceBus", "BuildingBlocks\EventBus\EventBus.AzureServiceBus\EventBus.AzureServiceBus.csproj", "{EFAD5ACE-7807-44C9-B593-5D08CD2CAD7C}"
EndProject
Project("{2150E333-8FDC-42A3-9474-1A3956D46DE8}") = "IdentityService", "IdentityService", "{EF13F755-283D-45CA-9659-88D1B2A9BA7E}"
EndProject
Project("{9A19103F-16F7-4668-BE54-9A1E7A4F7556}") = "IdentityService.Api", "Services\IdentityService\IdentityService.Api\IdentityService.Api.csproj", "{82A307FB-9033-4EB8-8DB8-7C19A473AF32}"
EndProject
Project("{2150E333-8FDC-42A3-9474-1A3956D46DE8}") = "NotificationService", "NotificationService", "{E1EE6424-631C-4C38-80D5-7F08D3509941}"
EndProject
Project("{9A19103F-16F7-4668-BE54-9A1E7A4F7556}") = "NotificationService", "Services\NotificationService\NotificationService\NotificationService.csproj", "{94AC494C-FA25-434C-A9E3-7A8065EA3579}"
EndProject
Project("{2150E333-8FDC-42A3-9474-1A3956D46DE8}") = "OrderService", "OrderService", "{B147B2B8-60E2-4A8F-AE75-B0E9F4C72675}"
EndProject
Project("{9A19103F-16F7-4668-BE54-9A1E7A4F7556}") = "OrderService.Application", "Services\OrderService\OrderService.Application\OrderService.Application.csproj", "{6F5B36A0-18C8-434E-8C65-22F9E9C1986D}"
EndProject
Project("{9A19103F-16F7-4668-BE54-9A1E7A4F7556}") = "OrderService.Domain", "Services\OrderService\OrderService.Domain\OrderService.Domain.csproj", "{2AAA63D0-9577-4978-89C2-1868BC7A9C4A}"
EndProject
Project("{9A19103F-16F7-4668-BE54-9A1E7A4F7556}") = "OrderService.Infrastructure", "Services\OrderService\OrderService.Infrastructure\OrderService.Infrastructure.csproj", "{E6042E72-CDB0-445C-9CE4-DEFDA1442020}"
EndProject
Project("{9A19103F-16F7-4668-BE54-9A1E7A4F7556}") = "OrderService.Api", "Services\OrderService\OrderService.Api\OrderService.Api.csproj", "{015CAAEA-E491-43C8-BE4F-44E093FB6A66}"
EndProject
Project("{9A19103F-16F7-4668-BE54-9A1E7A4F7556}") = "EventBus.UnitTest", "BuildingBlocks\EventBus\EventBus.UnitTest\EventBus.UnitTest.csproj", "{1A2E93E9-8532-48BD-96BA-94853ED16168}"
EndProject
Project("{2150E333-8FDC-42A3-9474-1A3956D46DE8}") = "Envoy", "Envoy", "{CA799594-5636-4D95-9C26-CD9E7ABBA56C}"
EndProject
Project("{2150E333-8FDC-42A3-9474-1A3956D46DE8}") = "config", "config", "{BA5811B1-1868-493B-A96E-68D72672F858}"
EndProject
Project("{2150E333-8FDC-42A3-9474-1A3956D46DE8}") = "web", "web", "{5BA4201B-3943-4ACF-9BC1-CFF7D7FCC1C9}"
	ProjectSection(SolutionItems) = preProject
		ApiGateways\Envoy\config\web\envoy.yaml = ApiGateways\Envoy\config\web\envoy.yaml
	EndProjectSection
EndProject
Project("{2150E333-8FDC-42A3-9474-1A3956D46DE8}") = "Web.Bff", "Web.Bff", "{23B76403-65C1-4E70-B0C2-D8D284D90778}"
EndProject
Project("{FAE04EC0-301F-11D3-BF4B-00C04F79EFBC}") = "Web.HttpAggregator", "ApiGateways\Web.Bff\Web.HttpAggregator\Web.HttpAggregator\Web.HttpAggregator.csproj", "{6704ED72-90E0-4337-B0D6-452160766DBA}"
EndProject
Global
	GlobalSection(SolutionConfigurationPlatforms) = preSolution
		Debug|Any CPU = Debug|Any CPU
		Release|Any CPU = Release|Any CPU
	EndGlobalSection
	GlobalSection(ProjectConfigurationPlatforms) = postSolution
		{86750B59-AFA1-48B9-B765-E35E0503DF6F}.Debug|Any CPU.ActiveCfg = Debug|Any CPU
		{86750B59-AFA1-48B9-B765-E35E0503DF6F}.Debug|Any CPU.Build.0 = Debug|Any CPU
		{86750B59-AFA1-48B9-B765-E35E0503DF6F}.Release|Any CPU.ActiveCfg = Release|Any CPU
		{86750B59-AFA1-48B9-B765-E35E0503DF6F}.Release|Any CPU.Build.0 = Release|Any CPU
		{8216FADF-3288-4B0D-AC64-BB28ABF93E0A}.Debug|Any CPU.ActiveCfg = Debug|Any CPU
		{8216FADF-3288-4B0D-AC64-BB28ABF93E0A}.Debug|Any CPU.Build.0 = Debug|Any CPU
		{8216FADF-3288-4B0D-AC64-BB28ABF93E0A}.Release|Any CPU.ActiveCfg = Release|Any CPU
		{8216FADF-3288-4B0D-AC64-BB28ABF93E0A}.Release|Any CPU.Build.0 = Release|Any CPU
		{EEFFA73F-C824-4FB6-9B6F-182442FBF8A1}.Debug|Any CPU.ActiveCfg = Debug|Any CPU
		{EEFFA73F-C824-4FB6-9B6F-182442FBF8A1}.Debug|Any CPU.Build.0 = Debug|Any CPU
		{EEFFA73F-C824-4FB6-9B6F-182442FBF8A1}.Release|Any CPU.ActiveCfg = Release|Any CPU
		{EEFFA73F-C824-4FB6-9B6F-182442FBF8A1}.Release|Any CPU.Build.0 = Release|Any CPU
		{BF9C7399-7CFB-4313-B93B-3FF727389BF4}.Debug|Any CPU.ActiveCfg = Debug|Any CPU
		{BF9C7399-7CFB-4313-B93B-3FF727389BF4}.Debug|Any CPU.Build.0 = Debug|Any CPU
		{BF9C7399-7CFB-4313-B93B-3FF727389BF4}.Release|Any CPU.ActiveCfg = Release|Any CPU
		{BF9C7399-7CFB-4313-B93B-3FF727389BF4}.Release|Any CPU.Build.0 = Release|Any CPU
		{18856A0C-F67B-4140-ABB9-ABA19840B7FD}.Debug|Any CPU.ActiveCfg = Debug|Any CPU
		{18856A0C-F67B-4140-ABB9-ABA19840B7FD}.Debug|Any CPU.Build.0 = Debug|Any CPU
		{18856A0C-F67B-4140-ABB9-ABA19840B7FD}.Release|Any CPU.ActiveCfg = Release|Any CPU
		{18856A0C-F67B-4140-ABB9-ABA19840B7FD}.Release|Any CPU.Build.0 = Release|Any CPU
		{4C7790C4-701B-4015-8D4B-C3AE51193DA4}.Debug|Any CPU.ActiveCfg = Debug|Any CPU
		{4C7790C4-701B-4015-8D4B-C3AE51193DA4}.Debug|Any CPU.Build.0 = Debug|Any CPU
		{4C7790C4-701B-4015-8D4B-C3AE51193DA4}.Release|Any CPU.ActiveCfg = Release|Any CPU
		{4C7790C4-701B-4015-8D4B-C3AE51193DA4}.Release|Any CPU.Build.0 = Release|Any CPU
		{DC994813-7D08-4A36-9A4B-9A75E39F4D3C}.Debug|Any CPU.ActiveCfg = Debug|Any CPU
		{DC994813-7D08-4A36-9A4B-9A75E39F4D3C}.Debug|Any CPU.Build.0 = Debug|Any CPU
		{DC994813-7D08-4A36-9A4B-9A75E39F4D3C}.Release|Any CPU.ActiveCfg = Release|Any CPU
		{DC994813-7D08-4A36-9A4B-9A75E39F4D3C}.Release|Any CPU.Build.0 = Release|Any CPU
		{BCE8618E-44A2-4C3A-8B0E-FEBA888FAAA7}.Debug|Any CPU.ActiveCfg = Debug|Any CPU
		{BCE8618E-44A2-4C3A-8B0E-FEBA888FAAA7}.Debug|Any CPU.Build.0 = Debug|Any CPU
		{BCE8618E-44A2-4C3A-8B0E-FEBA888FAAA7}.Release|Any CPU.ActiveCfg = Release|Any CPU
		{BCE8618E-44A2-4C3A-8B0E-FEBA888FAAA7}.Release|Any CPU.Build.0 = Release|Any CPU
		{19BD3CA4-681E-4950-9F8F-15DC8511564C}.Debug|Any CPU.ActiveCfg = Debug|Any CPU
		{19BD3CA4-681E-4950-9F8F-15DC8511564C}.Debug|Any CPU.Build.0 = Debug|Any CPU
		{19BD3CA4-681E-4950-9F8F-15DC8511564C}.Release|Any CPU.ActiveCfg = Release|Any CPU
		{19BD3CA4-681E-4950-9F8F-15DC8511564C}.Release|Any CPU.Build.0 = Release|Any CPU
		{5E58F27E-1943-41F7-A15F-E230F45B79CA}.Debug|Any CPU.ActiveCfg = Debug|Any CPU
		{5E58F27E-1943-41F7-A15F-E230F45B79CA}.Debug|Any CPU.Build.0 = Debug|Any CPU
		{5E58F27E-1943-41F7-A15F-E230F45B79CA}.Release|Any CPU.ActiveCfg = Release|Any CPU
		{5E58F27E-1943-41F7-A15F-E230F45B79CA}.Release|Any CPU.Build.0 = Release|Any CPU
		{B28A5CDA-1DD7-4A9B-91C6-89E98A2BE914}.Debug|Any CPU.ActiveCfg = Debug|Any CPU
		{B28A5CDA-1DD7-4A9B-91C6-89E98A2BE914}.Debug|Any CPU.Build.0 = Debug|Any CPU
		{B28A5CDA-1DD7-4A9B-91C6-89E98A2BE914}.Release|Any CPU.ActiveCfg = Release|Any CPU
		{B28A5CDA-1DD7-4A9B-91C6-89E98A2BE914}.Release|Any CPU.Build.0 = Release|Any CPU
		{765500F2-AB2C-4172-8D06-B4C4238366D5}.Debug|Any CPU.ActiveCfg = Debug|Any CPU
		{765500F2-AB2C-4172-8D06-B4C4238366D5}.Debug|Any CPU.Build.0 = Debug|Any CPU
		{765500F2-AB2C-4172-8D06-B4C4238366D5}.Release|Any CPU.ActiveCfg = Release|Any CPU
		{765500F2-AB2C-4172-8D06-B4C4238366D5}.Release|Any CPU.Build.0 = Release|Any CPU
		{66AD9D3D-5371-470D-ADC8-3D9442522B15}.Debug|Any CPU.ActiveCfg = Debug|Any CPU
		{66AD9D3D-5371-470D-ADC8-3D9442522B15}.Debug|Any CPU.Build.0 = Debug|Any CPU
		{66AD9D3D-5371-470D-ADC8-3D9442522B15}.Release|Any CPU.ActiveCfg = Release|Any CPU
		{66AD9D3D-5371-470D-ADC8-3D9442522B15}.Release|Any CPU.Build.0 = Release|Any CPU
		{512AF7D8-20D4-47DF-940E-CA47BA65BF95}.Debug|Any CPU.ActiveCfg = Debug|Any CPU
		{512AF7D8-20D4-47DF-940E-CA47BA65BF95}.Debug|Any CPU.Build.0 = Debug|Any CPU
		{512AF7D8-20D4-47DF-940E-CA47BA65BF95}.Release|Any CPU.ActiveCfg = Release|Any CPU
		{512AF7D8-20D4-47DF-940E-CA47BA65BF95}.Release|Any CPU.Build.0 = Release|Any CPU
		{4778882F-9D0D-4CD8-B11D-B8B489248353}.Debug|Any CPU.ActiveCfg = Debug|Any CPU
		{4778882F-9D0D-4CD8-B11D-B8B489248353}.Debug|Any CPU.Build.0 = Debug|Any CPU
		{4778882F-9D0D-4CD8-B11D-B8B489248353}.Release|Any CPU.ActiveCfg = Release|Any CPU
		{4778882F-9D0D-4CD8-B11D-B8B489248353}.Release|Any CPU.Build.0 = Release|Any CPU
		{F9735D8E-9609-4F82-9327-A22B966B8FD8}.Debug|Any CPU.ActiveCfg = Debug|Any CPU
		{F9735D8E-9609-4F82-9327-A22B966B8FD8}.Debug|Any CPU.Build.0 = Debug|Any CPU
		{F9735D8E-9609-4F82-9327-A22B966B8FD8}.Release|Any CPU.ActiveCfg = Release|Any CPU
		{F9735D8E-9609-4F82-9327-A22B966B8FD8}.Release|Any CPU.Build.0 = Release|Any CPU
		{EFAD5ACE-7807-44C9-B593-5D08CD2CAD7C}.Debug|Any CPU.ActiveCfg = Debug|Any CPU
		{EFAD5ACE-7807-44C9-B593-5D08CD2CAD7C}.Debug|Any CPU.Build.0 = Debug|Any CPU
		{EFAD5ACE-7807-44C9-B593-5D08CD2CAD7C}.Release|Any CPU.ActiveCfg = Release|Any CPU
		{EFAD5ACE-7807-44C9-B593-5D08CD2CAD7C}.Release|Any CPU.Build.0 = Release|Any CPU
		{82A307FB-9033-4EB8-8DB8-7C19A473AF32}.Debug|Any CPU.ActiveCfg = Debug|Any CPU
		{82A307FB-9033-4EB8-8DB8-7C19A473AF32}.Debug|Any CPU.Build.0 = Debug|Any CPU
		{82A307FB-9033-4EB8-8DB8-7C19A473AF32}.Release|Any CPU.ActiveCfg = Release|Any CPU
		{82A307FB-9033-4EB8-8DB8-7C19A473AF32}.Release|Any CPU.Build.0 = Release|Any CPU
		{94AC494C-FA25-434C-A9E3-7A8065EA3579}.Debug|Any CPU.ActiveCfg = Debug|Any CPU
		{94AC494C-FA25-434C-A9E3-7A8065EA3579}.Debug|Any CPU.Build.0 = Debug|Any CPU
		{94AC494C-FA25-434C-A9E3-7A8065EA3579}.Release|Any CPU.ActiveCfg = Release|Any CPU
		{94AC494C-FA25-434C-A9E3-7A8065EA3579}.Release|Any CPU.Build.0 = Release|Any CPU
		{6F5B36A0-18C8-434E-8C65-22F9E9C1986D}.Debug|Any CPU.ActiveCfg = Debug|Any CPU
		{6F5B36A0-18C8-434E-8C65-22F9E9C1986D}.Debug|Any CPU.Build.0 = Debug|Any CPU
		{6F5B36A0-18C8-434E-8C65-22F9E9C1986D}.Release|Any CPU.ActiveCfg = Release|Any CPU
		{6F5B36A0-18C8-434E-8C65-22F9E9C1986D}.Release|Any CPU.Build.0 = Release|Any CPU
		{2AAA63D0-9577-4978-89C2-1868BC7A9C4A}.Debug|Any CPU.ActiveCfg = Debug|Any CPU
		{2AAA63D0-9577-4978-89C2-1868BC7A9C4A}.Debug|Any CPU.Build.0 = Debug|Any CPU
		{2AAA63D0-9577-4978-89C2-1868BC7A9C4A}.Release|Any CPU.ActiveCfg = Release|Any CPU
		{2AAA63D0-9577-4978-89C2-1868BC7A9C4A}.Release|Any CPU.Build.0 = Release|Any CPU
		{E6042E72-CDB0-445C-9CE4-DEFDA1442020}.Debug|Any CPU.ActiveCfg = Debug|Any CPU
		{E6042E72-CDB0-445C-9CE4-DEFDA1442020}.Debug|Any CPU.Build.0 = Debug|Any CPU
		{E6042E72-CDB0-445C-9CE4-DEFDA1442020}.Release|Any CPU.ActiveCfg = Release|Any CPU
		{E6042E72-CDB0-445C-9CE4-DEFDA1442020}.Release|Any CPU.Build.0 = Release|Any CPU
		{015CAAEA-E491-43C8-BE4F-44E093FB6A66}.Debug|Any CPU.ActiveCfg = Debug|Any CPU
		{015CAAEA-E491-43C8-BE4F-44E093FB6A66}.Debug|Any CPU.Build.0 = Debug|Any CPU
		{015CAAEA-E491-43C8-BE4F-44E093FB6A66}.Release|Any CPU.ActiveCfg = Release|Any CPU
		{015CAAEA-E491-43C8-BE4F-44E093FB6A66}.Release|Any CPU.Build.0 = Release|Any CPU
		{1A2E93E9-8532-48BD-96BA-94853ED16168}.Debug|Any CPU.ActiveCfg = Debug|Any CPU
		{1A2E93E9-8532-48BD-96BA-94853ED16168}.Debug|Any CPU.Build.0 = Debug|Any CPU
		{1A2E93E9-8532-48BD-96BA-94853ED16168}.Release|Any CPU.ActiveCfg = Release|Any CPU
		{1A2E93E9-8532-48BD-96BA-94853ED16168}.Release|Any CPU.Build.0 = Release|Any CPU
		{6704ED72-90E0-4337-B0D6-452160766DBA}.Debug|Any CPU.ActiveCfg = Debug|Any CPU
		{6704ED72-90E0-4337-B0D6-452160766DBA}.Debug|Any CPU.Build.0 = Debug|Any CPU
		{6704ED72-90E0-4337-B0D6-452160766DBA}.Release|Any CPU.ActiveCfg = Release|Any CPU
		{6704ED72-90E0-4337-B0D6-452160766DBA}.Release|Any CPU.Build.0 = Release|Any CPU
	EndGlobalSection
	GlobalSection(SolutionProperties) = preSolution
		HideSolutionNode = FALSE
	EndGlobalSection
	GlobalSection(NestedProjects) = preSolution
		{86750B59-AFA1-48B9-B765-E35E0503DF6F} = {2280D866-C179-456F-B998-E2129F522C13}
		{2280D866-C179-456F-B998-E2129F522C13} = {431FE3E8-2EDF-49E6-96E8-CECFF8F92B80}
		{F3AA4E76-7484-4370-90A3-5C75741FCFA0} = {431FE3E8-2EDF-49E6-96E8-CECFF8F92B80}
		{8216FADF-3288-4B0D-AC64-BB28ABF93E0A} = {2280D866-C179-456F-B998-E2129F522C13}
		{EEFFA73F-C824-4FB6-9B6F-182442FBF8A1} = {2280D866-C179-456F-B998-E2129F522C13}
		{BF9C7399-7CFB-4313-B93B-3FF727389BF4} = {2280D866-C179-456F-B998-E2129F522C13}
		{18856A0C-F67B-4140-ABB9-ABA19840B7FD} = {F3AA4E76-7484-4370-90A3-5C75741FCFA0}
		{4C7790C4-701B-4015-8D4B-C3AE51193DA4} = {F3AA4E76-7484-4370-90A3-5C75741FCFA0}
		{DC994813-7D08-4A36-9A4B-9A75E39F4D3C} = {F3AA4E76-7484-4370-90A3-5C75741FCFA0}
		{BCE8618E-44A2-4C3A-8B0E-FEBA888FAAA7} = {F3AA4E76-7484-4370-90A3-5C75741FCFA0}
		{64193B80-8C4A-4E0E-AB6E-45169A6C87C5} = {431FE3E8-2EDF-49E6-96E8-CECFF8F92B80}
		{B601A3EC-BF0D-41B6-A943-AB516A31B2C9} = {64193B80-8C4A-4E0E-AB6E-45169A6C87C5}
		{BCBEC63E-480C-4314-8CC2-07CAAF3302A7} = {64193B80-8C4A-4E0E-AB6E-45169A6C87C5}
		{54BF3150-0BF3-4D3C-A4E2-FA03442647C9} = {64193B80-8C4A-4E0E-AB6E-45169A6C87C5}
		{19BD3CA4-681E-4950-9F8F-15DC8511564C} = {B601A3EC-BF0D-41B6-A943-AB516A31B2C9}
		{5E58F27E-1943-41F7-A15F-E230F45B79CA} = {B601A3EC-BF0D-41B6-A943-AB516A31B2C9}
		{B28A5CDA-1DD7-4A9B-91C6-89E98A2BE914} = {BCBEC63E-480C-4314-8CC2-07CAAF3302A7}
		{765500F2-AB2C-4172-8D06-B4C4238366D5} = {54BF3150-0BF3-4D3C-A4E2-FA03442647C9}
		{A61ADAE4-5AE9-4ACC-AC54-5D8575279DB5} = {699EA2A4-B2F0-48CB-A9A1-26116E3293AE}
		{9D60A442-9F74-43C8-9B4A-4395927A63AC} = {5E7BC9C5-EBCA-4D92-B689-049A8641D07B}
		{66AD9D3D-5371-470D-ADC8-3D9442522B15} = {9D60A442-9F74-43C8-9B4A-4395927A63AC}
		{B4290679-369B-42D1-825D-F99EB32799B7} = {C412A3E3-CF95-4CFC-BEC1-C3195CB0FFAE}
		{512AF7D8-20D4-47DF-940E-CA47BA65BF95} = {B4290679-369B-42D1-825D-F99EB32799B7}
		{4778882F-9D0D-4CD8-B11D-B8B489248353} = {B4290679-369B-42D1-825D-F99EB32799B7}
		{F9735D8E-9609-4F82-9327-A22B966B8FD8} = {B4290679-369B-42D1-825D-F99EB32799B7}
		{EFAD5ACE-7807-44C9-B593-5D08CD2CAD7C} = {B4290679-369B-42D1-825D-F99EB32799B7}
		{EF13F755-283D-45CA-9659-88D1B2A9BA7E} = {431FE3E8-2EDF-49E6-96E8-CECFF8F92B80}
		{82A307FB-9033-4EB8-8DB8-7C19A473AF32} = {EF13F755-283D-45CA-9659-88D1B2A9BA7E}
		{E1EE6424-631C-4C38-80D5-7F08D3509941} = {431FE3E8-2EDF-49E6-96E8-CECFF8F92B80}
		{94AC494C-FA25-434C-A9E3-7A8065EA3579} = {E1EE6424-631C-4C38-80D5-7F08D3509941}
		{B147B2B8-60E2-4A8F-AE75-B0E9F4C72675} = {431FE3E8-2EDF-49E6-96E8-CECFF8F92B80}
		{6F5B36A0-18C8-434E-8C65-22F9E9C1986D} = {B147B2B8-60E2-4A8F-AE75-B0E9F4C72675}
		{2AAA63D0-9577-4978-89C2-1868BC7A9C4A} = {B147B2B8-60E2-4A8F-AE75-B0E9F4C72675}
		{E6042E72-CDB0-445C-9CE4-DEFDA1442020} = {B147B2B8-60E2-4A8F-AE75-B0E9F4C72675}
		{015CAAEA-E491-43C8-BE4F-44E093FB6A66} = {B147B2B8-60E2-4A8F-AE75-B0E9F4C72675}
		{1A2E93E9-8532-48BD-96BA-94853ED16168} = {B4290679-369B-42D1-825D-F99EB32799B7}
		{CA799594-5636-4D95-9C26-CD9E7ABBA56C} = {5E7BC9C5-EBCA-4D92-B689-049A8641D07B}
		{BA5811B1-1868-493B-A96E-68D72672F858} = {CA799594-5636-4D95-9C26-CD9E7ABBA56C}
		{5BA4201B-3943-4ACF-9BC1-CFF7D7FCC1C9} = {BA5811B1-1868-493B-A96E-68D72672F858}
		{23B76403-65C1-4E70-B0C2-D8D284D90778} = {5E7BC9C5-EBCA-4D92-B689-049A8641D07B}
		{6704ED72-90E0-4337-B0D6-452160766DBA} = {23B76403-65C1-4E70-B0C2-D8D284D90778}
	EndGlobalSection
	GlobalSection(ExtensibilityGlobals) = postSolution
		SolutionGuid = {2B4018E8-7884-4FCD-B707-F2AD82638D3A}
	EndGlobalSection
EndGlobal
